Microsoft Visual Studio Solution File, Format Version 11.00
# Visual Studio 2008

Project("{3D8E93DD-B14B-70A1-4234-D2B82A9F5A19}") = "Repaso", "Assembly-CSharp.csproj", "{579972D3-AE29-377C-1780-E2C4E094CF3C}"
EndProject
Global
	GlobalSection(SolutionConfigurationPlatforms) = preSolution
		Debug|Any CPU = Debug|Any CPU
		Release|Any CPU = Release|Any CPU
	EndGlobalSection
	GlobalSection(ProjectConfigurationPlatforms) = postSolution
		{579972D3-AE29-377C-1780-E2C4E094CF3C}.Debug|Any CPU.ActiveCfg = Debug|Any CPU
		{579972D3-AE29-377C-1780-E2C4E094CF3C}.Debug|Any CPU.Build.0 = Debug|Any CPU
		{579972D3-AE29-377C-1780-E2C4E094CF3C}.Release|Any CPU.ActiveCfg = Release|Any CPU
		{579972D3-AE29-377C-1780-E2C4E094CF3C}.Release|Any CPU.Build.0 = Release|Any CPU
	EndGlobalSection
	GlobalSection(SolutionProperties) = preSolution
		HideSolutionNode = FALSE
	EndGlobalSection
	GlobalSection(MonoDevelopProperties) = preSolution
		StartupItem = Assembly-CSharp.csproj
	EndGlobalSection
EndGlobal
